// !$*UTF8*$!
{
	archiveVersion = 1;
	classes = {
	};
	objectVersion = 46;
	objects = {

/* Begin PBXBuildFile section */
		0577102FBD7E98B98740D798 /* Pods_GraphQL_Client.framework in Frameworks */ = {isa = PBXBuildFile; fileRef = 0C1DCC3581DBD956269F467B /* Pods_GraphQL_Client.framework */; };
		92A7874A1FB1BFF600ABC71D /* AppDelegate.swift in Sources */ = {isa = PBXBuildFile; fileRef = 92A787491FB1BFF600ABC71D /* AppDelegate.swift */; };
		92A7874F1FB1BFF600ABC71D /* Main.storyboard in Resources */ = {isa = PBXBuildFile; fileRef = 92A7874D1FB1BFF600ABC71D /* Main.storyboard */; };
		92A787511FB1BFF600ABC71D /* Assets.xcassets in Resources */ = {isa = PBXBuildFile; fileRef = 92A787501FB1BFF600ABC71D /* Assets.xcassets */; };
		92A787541FB1BFF600ABC71D /* LaunchScreen.storyboard in Resources */ = {isa = PBXBuildFile; fileRef = 92A787521FB1BFF600ABC71D /* LaunchScreen.storyboard */; };
		92A788301FB3DEE300ABC71D /* schema.json in Resources */ = {isa = PBXBuildFile; fileRef = 92A7882F1FB3DEE300ABC71D /* schema.json */; };
		92A788321FB3DF1C00ABC71D /* API.swift in Sources */ = {isa = PBXBuildFile; fileRef = 92A788311FB3DF1C00ABC71D /* API.swift */; };
		92A788341FB3E3CC00ABC71D /* queries.graphql in Resources */ = {isa = PBXBuildFile; fileRef = 92A788331FB3E3CC00ABC71D /* queries.graphql */; };
		92D18FA01FB9A83900A7F82B /* DateBadge.xib in Resources */ = {isa = PBXBuildFile; fileRef = 92D18F9F1FB9A83900A7F82B /* DateBadge.xib */; };
		92D18FA21FB9A84500A7F82B /* DateBadge.swift in Sources */ = {isa = PBXBuildFile; fileRef = 92D18FA11FB9A84500A7F82B /* DateBadge.swift */; };
		92D1947A1FBB079100A7F82B /* API+Extensions.swift in Sources */ = {isa = PBXBuildFile; fileRef = 92D194791FBB079100A7F82B /* API+Extensions.swift */; };
		92D1947E1FBB59D500A7F82B /* UITextViewPlaceholder.swift in Sources */ = {isa = PBXBuildFile; fileRef = 92D1947D1FBB59D500A7F82B /* UITextViewPlaceholder.swift */; };
		92DA2D881FBDB50100EB6606 /* HistoricalEventInput.swift in Sources */ = {isa = PBXBuildFile; fileRef = 92DA2D871FBDB50100EB6606 /* HistoricalEventInput.swift */; };
		92DA2D8A1FBDCF1E00EB6606 /* MessageViewBuilder.swift in Sources */ = {isa = PBXBuildFile; fileRef = 92DA2D891FBDCF1E00EB6606 /* MessageViewBuilder.swift */; };
		92DA2D8C1FBF381D00EB6606 /* Editable.swift in Sources */ = {isa = PBXBuildFile; fileRef = 92DA2D8B1FBF381D00EB6606 /* Editable.swift */; };
		92DA2D8E1FBF38D400EB6606 /* TappableImageView.swift in Sources */ = {isa = PBXBuildFile; fileRef = 92DA2D8D1FBF38D400EB6606 /* TappableImageView.swift */; };
		92E832511FB73B3C003DB68E /* BriefEventCell.swift in Sources */ = {isa = PBXBuildFile; fileRef = 92E8324E1FB73B3C003DB68E /* BriefEventCell.swift */; };
		92E832521FB73B3C003DB68E /* BriefEventCell.xib in Resources */ = {isa = PBXBuildFile; fileRef = 92E8324F1FB73B3C003DB68E /* BriefEventCell.xib */; };
		92E832531FB73B3C003DB68E /* EventListController.swift in Sources */ = {isa = PBXBuildFile; fileRef = 92E832501FB73B3C003DB68E /* EventListController.swift */; };
		92E832551FB73B4C003DB68E /* HistoricalEventDetailsController.swift in Sources */ = {isa = PBXBuildFile; fileRef = 92E832541FB73B4C003DB68E /* HistoricalEventDetailsController.swift */; };
/* End PBXBuildFile section */

/* Begin PBXFileReference section */
		0C1DCC3581DBD956269F467B /* Pods_GraphQL_Client.framework */ = {isa = PBXFileReference; explicitFileType = wrapper.framework; includeInIndex = 0; path = Pods_GraphQL_Client.framework; sourceTree = BUILT_PRODUCTS_DIR; };
		57E65C7A6189FD30E039B656 /* Pods-GraphQL-Client.debug.xcconfig */ = {isa = PBXFileReference; includeInIndex = 1; lastKnownFileType = text.xcconfig; name = "Pods-GraphQL-Client.debug.xcconfig"; path = "Pods/Target Support Files/Pods-GraphQL-Client/Pods-GraphQL-Client.debug.xcconfig"; sourceTree = "<group>"; };
		92A787461FB1BFF600ABC71D /* GraphQL-Client.app */ = {isa = PBXFileReference; explicitFileType = wrapper.application; includeInIndex = 0; path = "GraphQL-Client.app"; sourceTree = BUILT_PRODUCTS_DIR; };
		92A787491FB1BFF600ABC71D /* AppDelegate.swift */ = {isa = PBXFileReference; lastKnownFileType = sourcecode.swift; path = AppDelegate.swift; sourceTree = "<group>"; };
		92A7874E1FB1BFF600ABC71D /* Base */ = {isa = PBXFileReference; lastKnownFileType = file.storyboard; name = Base; path = Base.lproj/Main.storyboard; sourceTree = "<group>"; };
		92A787501FB1BFF600ABC71D /* Assets.xcassets */ = {isa = PBXFileReference; lastKnownFileType = folder.assetcatalog; path = Assets.xcassets; sourceTree = "<group>"; };
		92A787531FB1BFF600ABC71D /* Base */ = {isa = PBXFileReference; lastKnownFileType = file.storyboard; name = Base; path = Base.lproj/LaunchScreen.storyboard; sourceTree = "<group>"; };
		92A787551FB1BFF600ABC71D /* Info.plist */ = {isa = PBXFileReference; lastKnownFileType = text.plist.xml; path = Info.plist; sourceTree = "<group>"; };
		92A7882F1FB3DEE300ABC71D /* schema.json */ = {isa = PBXFileReference; fileEncoding = 4; lastKnownFileType = text.json; path = schema.json; sourceTree = "<group>"; };
		92A788311FB3DF1C00ABC71D /* API.swift */ = {isa = PBXFileReference; fileEncoding = 4; lastKnownFileType = sourcecode.swift; path = API.swift; sourceTree = "<group>"; };
		92A788331FB3E3CC00ABC71D /* queries.graphql */ = {isa = PBXFileReference; fileEncoding = 4; lastKnownFileType = text; path = queries.graphql; sourceTree = "<group>"; };
		92D18F9F1FB9A83900A7F82B /* DateBadge.xib */ = {isa = PBXFileReference; fileEncoding = 4; lastKnownFileType = file.xib; path = DateBadge.xib; sourceTree = "<group>"; };
		92D18FA11FB9A84500A7F82B /* DateBadge.swift */ = {isa = PBXFileReference; fileEncoding = 4; lastKnownFileType = sourcecode.swift; path = DateBadge.swift; sourceTree = "<group>"; };
		92D194791FBB079100A7F82B /* API+Extensions.swift */ = {isa = PBXFileReference; fileEncoding = 4; lastKnownFileType = sourcecode.swift; path = "API+Extensions.swift"; sourceTree = "<group>"; };
		92D1947D1FBB59D500A7F82B /* UITextViewPlaceholder.swift */ = {isa = PBXFileReference; fileEncoding = 4; lastKnownFileType = sourcecode.swift; path = UITextViewPlaceholder.swift; sourceTree = "<group>"; };
		92DA2D871FBDB50100EB6606 /* HistoricalEventInput.swift */ = {isa = PBXFileReference; fileEncoding = 4; lastKnownFileType = sourcecode.swift; path = HistoricalEventInput.swift; sourceTree = "<group>"; };
		92DA2D891FBDCF1E00EB6606 /* MessageViewBuilder.swift */ = {isa = PBXFileReference; fileEncoding = 4; lastKnownFileType = sourcecode.swift; path = MessageViewBuilder.swift; sourceTree = "<group>"; };
		92DA2D8B1FBF381D00EB6606 /* Editable.swift */ = {isa = PBXFileReference; fileEncoding = 4; lastKnownFileType = sourcecode.swift; path = Editable.swift; sourceTree = "<group>"; };
		92DA2D8D1FBF38D400EB6606 /* TappableImageView.swift */ = {isa = PBXFileReference; fileEncoding = 4; lastKnownFileType = sourcecode.swift; path = TappableImageView.swift; sourceTree = "<group>"; };
		92E8324E1FB73B3C003DB68E /* BriefEventCell.swift */ = {isa = PBXFileReference; fileEncoding = 4; lastKnownFileType = sourcecode.swift; path = BriefEventCell.swift; sourceTree = "<group>"; };
		92E8324F1FB73B3C003DB68E /* BriefEventCell.xib */ = {isa = PBXFileReference; fileEncoding = 4; lastKnownFileType = file.xib; path = BriefEventCell.xib; sourceTree = "<group>"; };
		92E832501FB73B3C003DB68E /* EventListController.swift */ = {isa = PBXFileReference; fileEncoding = 4; lastKnownFileType = sourcecode.swift; path = EventListController.swift; sourceTree = "<group>"; };
		92E832541FB73B4C003DB68E /* HistoricalEventDetailsController.swift */ = {isa = PBXFileReference; fileEncoding = 4; lastKnownFileType = sourcecode.swift; path = HistoricalEventDetailsController.swift; sourceTree = "<group>"; };
		BB3B0655B1A1E03BFDE1428C /* Pods-GraphQL-Client.release.xcconfig */ = {isa = PBXFileReference; includeInIndex = 1; lastKnownFileType = text.xcconfig; name = "Pods-GraphQL-Client.release.xcconfig"; path = "Pods/Target Support Files/Pods-GraphQL-Client/Pods-GraphQL-Client.release.xcconfig"; sourceTree = "<group>"; };
/* End PBXFileReference section */

/* Begin PBXFrameworksBuildPhase section */
		92A787431FB1BFF600ABC71D /* Frameworks */ = {
			isa = PBXFrameworksBuildPhase;
			buildActionMask = 2147483647;
			files = (
				0577102FBD7E98B98740D798 /* Pods_GraphQL_Client.framework in Frameworks */,
			);
			runOnlyForDeploymentPostprocessing = 0;
		};
/* End PBXFrameworksBuildPhase section */

/* Begin PBXGroup section */
		0F8BF1D00E82CD8494D2AD72 /* Pods */ = {
			isa = PBXGroup;
			children = (
				57E65C7A6189FD30E039B656 /* Pods-GraphQL-Client.debug.xcconfig */,
				BB3B0655B1A1E03BFDE1428C /* Pods-GraphQL-Client.release.xcconfig */,
			);
			name = Pods;
			sourceTree = "<group>";
		};
		28F28649B87F9224A369BC2C /* Frameworks */ = {
			isa = PBXGroup;
			children = (
				0C1DCC3581DBD956269F467B /* Pods_GraphQL_Client.framework */,
			);
			name = Frameworks;
			sourceTree = "<group>";
		};
		92A7873D1FB1BFF600ABC71D = {
			isa = PBXGroup;
			children = (
				92A787481FB1BFF600ABC71D /* GraphQL-Client */,
				92A787471FB1BFF600ABC71D /* Products */,
				0F8BF1D00E82CD8494D2AD72 /* Pods */,
				28F28649B87F9224A369BC2C /* Frameworks */,
			);
			sourceTree = "<group>";
		};
		92A787471FB1BFF600ABC71D /* Products */ = {
			isa = PBXGroup;
			children = (
				92A787461FB1BFF600ABC71D /* GraphQL-Client.app */,
			);
			name = Products;
			sourceTree = "<group>";
		};
		92A787481FB1BFF600ABC71D /* GraphQL-Client */ = {
			isa = PBXGroup;
			children = (
				92D18F9E1FB9A7FA00A7F82B /* Common */,
				92E8324B1FB73B3C003DB68E /* Flows */,
				92A788311FB3DF1C00ABC71D /* API.swift */,
				92A7882F1FB3DEE300ABC71D /* schema.json */,
				92A788331FB3E3CC00ABC71D /* queries.graphql */,
				92D1947D1FBB59D500A7F82B /* UITextViewPlaceholder.swift */,
				92A787491FB1BFF600ABC71D /* AppDelegate.swift */,
				92D194791FBB079100A7F82B /* API+Extensions.swift */,
				92A7874D1FB1BFF600ABC71D /* Main.storyboard */,
				92A787501FB1BFF600ABC71D /* Assets.xcassets */,
				92A787521FB1BFF600ABC71D /* LaunchScreen.storyboard */,
				92A787551FB1BFF600ABC71D /* Info.plist */,
			);
			path = "GraphQL-Client";
			sourceTree = "<group>";
		};
		92D18F9E1FB9A7FA00A7F82B /* Common */ = {
			isa = PBXGroup;
			children = (
				92D18F9F1FB9A83900A7F82B /* DateBadge.xib */,
				92D18FA11FB9A84500A7F82B /* DateBadge.swift */,
				92DA2D891FBDCF1E00EB6606 /* MessageViewBuilder.swift */,
				92DA2D8D1FBF38D400EB6606 /* TappableImageView.swift */,
				92DA2D8B1FBF381D00EB6606 /* Editable.swift */,
			);
			path = Common;
			sourceTree = "<group>";
		};
		92DA2D861FBDB4F500EB6606 /* Logic */ = {
			isa = PBXGroup;
			children = (
				92DA2D871FBDB50100EB6606 /* HistoricalEventInput.swift */,
			);
			path = Logic;
			sourceTree = "<group>";
		};
		92E8324B1FB73B3C003DB68E /* Flows */ = {
			isa = PBXGroup;
			children = (
				92E8324C1FB73B3C003DB68E /* EditEvent */,
				92E8324D1FB73B3C003DB68E /* EventList */,
			);
			path = Flows;
			sourceTree = "<group>";
		};
		92E8324C1FB73B3C003DB68E /* EditEvent */ = {
			isa = PBXGroup;
			children = (
				92DA2D861FBDB4F500EB6606 /* Logic */,
				92E832541FB73B4C003DB68E /* HistoricalEventDetailsController.swift */,
			);
			path = EditEvent;
			sourceTree = "<group>";
		};
		92E8324D1FB73B3C003DB68E /* EventList */ = {
			isa = PBXGroup;
			children = (
				92E8324E1FB73B3C003DB68E /* BriefEventCell.swift */,
				92E8324F1FB73B3C003DB68E /* BriefEventCell.xib */,
				92E832501FB73B3C003DB68E /* EventListController.swift */,
			);
			path = EventList;
			sourceTree = "<group>";
		};
/* End PBXGroup section */

/* Begin PBXNativeTarget section */
		92A787451FB1BFF600ABC71D /* GraphQL-Client */ = {
			isa = PBXNativeTarget;
			buildConfigurationList = 92A787581FB1BFF600ABC71D /* Build configuration list for PBXNativeTarget "GraphQL-Client" */;
			buildPhases = (
				871C6515196159F4662484EC /* [CP] Check Pods Manifest.lock */,
				92A787E21FB3627B00ABC71D /* Generate Apollo GraphQL API */,
				92A787421FB1BFF600ABC71D /* Sources */,
				92A787431FB1BFF600ABC71D /* Frameworks */,
				92A787441FB1BFF600ABC71D /* Resources */,
				B27114ECAA3DD995993E7E67 /* [CP] Embed Pods Frameworks */,
				B7AE453996DBFF0BD565A784 /* [CP] Copy Pods Resources */,
			);
			buildRules = (
			);
			dependencies = (
			);
			name = "GraphQL-Client";
			productName = "GraphQL-Client";
			productReference = 92A787461FB1BFF600ABC71D /* GraphQL-Client.app */;
			productType = "com.apple.product-type.application";
		};
/* End PBXNativeTarget section */

/* Begin PBXProject section */
		92A7873E1FB1BFF600ABC71D /* Project object */ = {
			isa = PBXProject;
			attributes = {
				LastSwiftUpdateCheck = 0830;
				LastUpgradeCheck = 0830;
				ORGANIZATIONNAME = Yalantis;
				TargetAttributes = {
					92A787451FB1BFF600ABC71D = {
						CreatedOnToolsVersion = 8.3.3;
						DevelopmentTeam = 4GS5NBU7N5;
						ProvisioningStyle = Automatic;
					};
				};
			};
			buildConfigurationList = 92A787411FB1BFF600ABC71D /* Build configuration list for PBXProject "GraphQL-Client" */;
			compatibilityVersion = "Xcode 3.2";
			developmentRegion = English;
			hasScannedForEncodings = 0;
			knownRegions = (
				en,
				Base,
			);
			mainGroup = 92A7873D1FB1BFF600ABC71D;
			productRefGroup = 92A787471FB1BFF600ABC71D /* Products */;
			projectDirPath = "";
			projectRoot = "";
			targets = (
				92A787451FB1BFF600ABC71D /* GraphQL-Client */,
			);
		};
/* End PBXProject section */

/* Begin PBXResourcesBuildPhase section */
		92A787441FB1BFF600ABC71D /* Resources */ = {
			isa = PBXResourcesBuildPhase;
			buildActionMask = 2147483647;
			files = (
				92A788341FB3E3CC00ABC71D /* queries.graphql in Resources */,
				92A788301FB3DEE300ABC71D /* schema.json in Resources */,
				92A787541FB1BFF600ABC71D /* LaunchScreen.storyboard in Resources */,
				92D18FA01FB9A83900A7F82B /* DateBadge.xib in Resources */,
				92A787511FB1BFF600ABC71D /* Assets.xcassets in Resources */,
				92A7874F1FB1BFF600ABC71D /* Main.storyboard in Resources */,
				92E832521FB73B3C003DB68E /* BriefEventCell.xib in Resources */,
			);
			runOnlyForDeploymentPostprocessing = 0;
		};
/* End PBXResourcesBuildPhase section */

/* Begin PBXShellScriptBuildPhase section */
		871C6515196159F4662484EC /* [CP] Check Pods Manifest.lock */ = {
			isa = PBXShellScriptBuildPhase;
			buildActionMask = 2147483647;
			files = (
			);
			inputPaths = (
				"${PODS_PODFILE_DIR_PATH}/Podfile.lock",
				"${PODS_ROOT}/Manifest.lock",
			);
			name = "[CP] Check Pods Manifest.lock";
			outputPaths = (
				"$(DERIVED_FILE_DIR)/Pods-GraphQL-Client-checkManifestLockResult.txt",
			);
			runOnlyForDeploymentPostprocessing = 0;
			shellPath = /bin/sh;
			shellScript = "diff \"${PODS_PODFILE_DIR_PATH}/Podfile.lock\" \"${PODS_ROOT}/Manifest.lock\" > /dev/null\nif [ $? != 0 ] ; then\n    # print error to STDERR\n    echo \"error: The sandbox is not in sync with the Podfile.lock. Run 'pod install' or update your CocoaPods installation.\" >&2\n    exit 1\nfi\n# This output is used by Xcode 'outputs' to avoid re-running this script phase.\necho \"SUCCESS\" > \"${SCRIPT_OUTPUT_FILE_0}\"\n";
			showEnvVarsInLog = 0;
		};
		92A787E21FB3627B00ABC71D /* Generate Apollo GraphQL API */ = {
			isa = PBXShellScriptBuildPhase;
			buildActionMask = 2147483647;
			files = (
			);
			inputPaths = (
			);
			name = "Generate Apollo GraphQL API";
			outputPaths = (
			);
			runOnlyForDeploymentPostprocessing = 0;
			shellPath = /bin/sh;
			shellScript = "APOLLO_FRAMEWORK_PATH=\"$(eval find $FRAMEWORK_SEARCH_PATHS -name \"Apollo.framework\" -maxdepth 1)\"\n\nif [ -z \"$APOLLO_FRAMEWORK_PATH\" ]; then\necho \"error: Couldn't find Apollo.framework in FRAMEWORK_SEARCH_PATHS; make sure to add the framework to your project.\"\nexit 1\nfi\n\ncd \"${SRCROOT}/${TARGET_NAME}\"\n$APOLLO_FRAMEWORK_PATH/check-and-run-apollo-codegen.sh generate $(find . -name '*.graphql') --schema schema.json --output API.swift";
		};
		B27114ECAA3DD995993E7E67 /* [CP] Embed Pods Frameworks */ = {
			isa = PBXShellScriptBuildPhase;
			buildActionMask = 2147483647;
			files = (
			);
			inputPaths = (
				"${SRCROOT}/Pods/Target Support Files/Pods-GraphQL-Client/Pods-GraphQL-Client-frameworks.sh",
				"${BUILT_PRODUCTS_DIR}/ActionKit/ActionKit.framework",
				"${BUILT_PRODUCTS_DIR}/Apollo/Apollo.framework",
				"${BUILT_PRODUCTS_DIR}/CHTCollectionViewWaterfallLayout/CHTCollectionViewWaterfallLayout.framework",
				"${BUILT_PRODUCTS_DIR}/SwiftMessages/SwiftMessages.framework",
				"${BUILT_PRODUCTS_DIR}/SwiftyPickerPopover/SwiftyPickerPopover.framework",
			);
			name = "[CP] Embed Pods Frameworks";
			outputPaths = (
				"${TARGET_BUILD_DIR}/${FRAMEWORKS_FOLDER_PATH}/ActionKit.framework",
				"${TARGET_BUILD_DIR}/${FRAMEWORKS_FOLDER_PATH}/Apollo.framework",
				"${TARGET_BUILD_DIR}/${FRAMEWORKS_FOLDER_PATH}/CHTCollectionViewWaterfallLayout.framework",
				"${TARGET_BUILD_DIR}/${FRAMEWORKS_FOLDER_PATH}/SwiftMessages.framework",
				"${TARGET_BUILD_DIR}/${FRAMEWORKS_FOLDER_PATH}/SwiftyPickerPopover.framework",
			);
			runOnlyForDeploymentPostprocessing = 0;
			shellPath = /bin/sh;
			shellScript = "\"${SRCROOT}/Pods/Target Support Files/Pods-GraphQL-Client/Pods-GraphQL-Client-frameworks.sh\"\n";
			showEnvVarsInLog = 0;
		};
		B7AE453996DBFF0BD565A784 /* [CP] Copy Pods Resources */ = {
			isa = PBXShellScriptBuildPhase;
			buildActionMask = 2147483647;
			files = (
			);
			inputPaths = (
			);
			name = "[CP] Copy Pods Resources";
			outputPaths = (
			);
			runOnlyForDeploymentPostprocessing = 0;
			shellPath = /bin/sh;
			shellScript = "\"${SRCROOT}/Pods/Target Support Files/Pods-GraphQL-Client/Pods-GraphQL-Client-resources.sh\"\n";
			showEnvVarsInLog = 0;
		};
/* End PBXShellScriptBuildPhase section */

/* Begin PBXSourcesBuildPhase section */
		92A787421FB1BFF600ABC71D /* Sources */ = {
			isa = PBXSourcesBuildPhase;
			buildActionMask = 2147483647;
			files = (
				92E832551FB73B4C003DB68E /* HistoricalEventDetailsController.swift in Sources */,
				92A788321FB3DF1C00ABC71D /* API.swift in Sources */,
				92A7874A1FB1BFF600ABC71D /* AppDelegate.swift in Sources */,
				92E832531FB73B3C003DB68E /* EventListController.swift in Sources */,
				92D1947A1FBB079100A7F82B /* API+Extensions.swift in Sources */,
				92DA2D881FBDB50100EB6606 /* HistoricalEventInput.swift in Sources */,
				92E832511FB73B3C003DB68E /* BriefEventCell.swift in Sources */,
				92D18FA21FB9A84500A7F82B /* DateBadge.swift in Sources */,
				92D1947E1FBB59D500A7F82B /* UITextViewPlaceholder.swift in Sources */,
				92DA2D8E1FBF38D400EB6606 /* TappableImageView.swift in Sources */,
				92DA2D8C1FBF381D00EB6606 /* Editable.swift in Sources */,
				92DA2D8A1FBDCF1E00EB6606 /* MessageViewBuilder.swift in Sources */,
			);
			runOnlyForDeploymentPostprocessing = 0;
		};
/* End PBXSourcesBuildPhase section */

/* Begin PBXVariantGroup section */
		92A7874D1FB1BFF600ABC71D /* Main.storyboard */ = {
			isa = PBXVariantGroup;
			children = (
				92A7874E1FB1BFF600ABC71D /* Base */,
			);
			name = Main.storyboard;
			sourceTree = "<group>";
		};
		92A787521FB1BFF600ABC71D /* LaunchScreen.storyboard */ = {
			isa = PBXVariantGroup;
			children = (
				92A787531FB1BFF600ABC71D /* Base */,
			);
			name = LaunchScreen.storyboard;
			sourceTree = "<group>";
		};
/* End PBXVariantGroup section */

/* Begin XCBuildConfiguration section */
		92A787561FB1BFF600ABC71D /* Debug */ = {
			isa = XCBuildConfiguration;
			buildSettings = {
				ALWAYS_SEARCH_USER_PATHS = NO;
				CLANG_ANALYZER_NONNULL = YES;
				CLANG_ANALYZER_NUMBER_OBJECT_CONVERSION = YES_AGGRESSIVE;
				CLANG_CXX_LANGUAGE_STANDARD = "gnu++0x";
				CLANG_CXX_LIBRARY = "libc++";
				CLANG_ENABLE_MODULES = YES;
				CLANG_ENABLE_OBJC_ARC = YES;
				CLANG_WARN_BOOL_CONVERSION = YES;
				CLANG_WARN_CONSTANT_CONVERSION = YES;
				CLANG_WARN_DIRECT_OBJC_ISA_USAGE = YES_ERROR;
				CLANG_WARN_DOCUMENTATION_COMMENTS = YES;
				CLANG_WARN_EMPTY_BODY = YES;
				CLANG_WARN_ENUM_CONVERSION = YES;
				CLANG_WARN_INFINITE_RECURSION = YES;
				CLANG_WARN_INT_CONVERSION = YES;
				CLANG_WARN_OBJC_ROOT_CLASS = YES_ERROR;
				CLANG_WARN_SUSPICIOUS_MOVE = YES;
				CLANG_WARN_UNREACHABLE_CODE = YES;
				CLANG_WARN__DUPLICATE_METHOD_MATCH = YES;
				"CODE_SIGN_IDENTITY[sdk=iphoneos*]" = "iPhone Developer";
				COPY_PHASE_STRIP = NO;
				DEBUG_INFORMATION_FORMAT = dwarf;
				ENABLE_STRICT_OBJC_MSGSEND = YES;
				ENABLE_TESTABILITY = YES;
				GCC_C_LANGUAGE_STANDARD = gnu99;
				GCC_DYNAMIC_NO_PIC = NO;
				GCC_NO_COMMON_BLOCKS = YES;
				GCC_OPTIMIZATION_LEVEL = 0;
				GCC_PREPROCESSOR_DEFINITIONS = (
					"DEBUG=1",
					"$(inherited)",
				);
				GCC_WARN_64_TO_32_BIT_CONVERSION = YES;
				GCC_WARN_ABOUT_RETURN_TYPE = YES_ERROR;
				GCC_WARN_UNDECLARED_SELECTOR = YES;
				GCC_WARN_UNINITIALIZED_AUTOS = YES_AGGRESSIVE;
				GCC_WARN_UNUSED_FUNCTION = YES;
				GCC_WARN_UNUSED_VARIABLE = YES;
				IPHONEOS_DEPLOYMENT_TARGET = 10.3;
				MTL_ENABLE_DEBUG_INFO = YES;
				ONLY_ACTIVE_ARCH = YES;
				SDKROOT = iphoneos;
				SWIFT_ACTIVE_COMPILATION_CONDITIONS = DEBUG;
				SWIFT_OPTIMIZATION_LEVEL = "-Onone";
				TARGETED_DEVICE_FAMILY = "1,2";
			};
			name = Debug;
		};
		92A787571FB1BFF600ABC71D /* Release */ = {
			isa = XCBuildConfiguration;
			buildSettings = {
				ALWAYS_SEARCH_USER_PATHS = NO;
				CLANG_ANALYZER_NONNULL = YES;
				CLANG_ANALYZER_NUMBER_OBJECT_CONVERSION = YES_AGGRESSIVE;
				CLANG_CXX_LANGUAGE_STANDARD = "gnu++0x";
				CLANG_CXX_LIBRARY = "libc++";
				CLANG_ENABLE_MODULES = YES;
				CLANG_ENABLE_OBJC_ARC = YES;
				CLANG_WARN_BOOL_CONVERSION = YES;
				CLANG_WARN_CONSTANT_CONVERSION = YES;
				CLANG_WARN_DIRECT_OBJC_ISA_USAGE = YES_ERROR;
				CLANG_WARN_DOCUMENTATION_COMMENTS = YES;
				CLANG_WARN_EMPTY_BODY = YES;
				CLANG_WARN_ENUM_CONVERSION = YES;
				CLANG_WARN_INFINITE_RECURSION = YES;
				CLANG_WARN_INT_CONVERSION = YES;
				CLANG_WARN_OBJC_ROOT_CLASS = YES_ERROR;
				CLANG_WARN_SUSPICIOUS_MOVE = YES;
				CLANG_WARN_UNREACHABLE_CODE = YES;
				CLANG_WARN__DUPLICATE_METHOD_MATCH = YES;
				"CODE_SIGN_IDENTITY[sdk=iphoneos*]" = "iPhone Developer";
				COPY_PHASE_STRIP = NO;
				DEBUG_INFORMATION_FORMAT = "dwarf-with-dsym";
				ENABLE_NS_ASSERTIONS = NO;
				ENABLE_STRICT_OBJC_MSGSEND = YES;
				GCC_C_LANGUAGE_STANDARD = gnu99;
				GCC_NO_COMMON_BLOCKS = YES;
				GCC_WARN_64_TO_32_BIT_CONVERSION = YES;
				GCC_WARN_ABOUT_RETURN_TYPE = YES_ERROR;
				GCC_WARN_UNDECLARED_SELECTOR = YES;
				GCC_WARN_UNINITIALIZED_AUTOS = YES_AGGRESSIVE;
				GCC_WARN_UNUSED_FUNCTION = YES;
				GCC_WARN_UNUSED_VARIABLE = YES;
				IPHONEOS_DEPLOYMENT_TARGET = 10.3;
				MTL_ENABLE_DEBUG_INFO = NO;
				SDKROOT = iphoneos;
				SWIFT_OPTIMIZATION_LEVEL = "-Owholemodule";
				TARGETED_DEVICE_FAMILY = "1,2";
				VALIDATE_PRODUCT = YES;
			};
			name = Release;
		};
		92A787591FB1BFF600ABC71D /* Debug */ = {
			isa = XCBuildConfiguration;
			baseConfigurationReference = 57E65C7A6189FD30E039B656 /* Pods-GraphQL-Client.debug.xcconfig */;
			buildSettings = {
				ASSETCATALOG_COMPILER_APPICON_NAME = AppIcon;
				DEVELOPMENT_TEAM = 4GS5NBU7N5;
				INFOPLIST_FILE = "GraphQL-Client/Info.plist";
				LD_RUNPATH_SEARCH_PATHS = "$(inherited) @executable_path/Frameworks";
				PRODUCT_BUNDLE_IDENTIFIER = "yalantis.com.GraphQL-Client";
				PRODUCT_NAME = "$(TARGET_NAME)";
				SWIFT_VERSION = 3.0;
			};
			name = Debug;
		};
		92A7875A1FB1BFF600ABC71D /* Release */ = {
			isa = XCBuildConfiguration;
			baseConfigurationReference = BB3B0655B1A1E03BFDE1428C /* Pods-GraphQL-Client.release.xcconfig */;
			buildSettings = {
				ASSETCATALOG_COMPILER_APPICON_NAME = AppIcon;
				DEVELOPMENT_TEAM = 4GS5NBU7N5;
				INFOPLIST_FILE = "GraphQL-Client/Info.plist";
				LD_RUNPATH_SEARCH_PATHS = "$(inherited) @executable_path/Frameworks";
				PRODUCT_BUNDLE_IDENTIFIER = "yalantis.com.GraphQL-Client";
				PRODUCT_NAME = "$(TARGET_NAME)";
				SWIFT_VERSION = 3.0;
			};
			name = Release;
		};
/* End XCBuildConfiguration section */

/* Begin XCConfigurationList section */
		92A787411FB1BFF600ABC71D /* Build configuration list for PBXProject "GraphQL-Client" */ = {
			isa = XCConfigurationList;
			buildConfigurations = (
				92A787561FB1BFF600ABC71D /* Debug */,
				92A787571FB1BFF600ABC71D /* Release */,
			);
			defaultConfigurationIsVisible = 0;
			defaultConfigurationName = Release;
		};
		92A787581FB1BFF600ABC71D /* Build configuration list for PBXNativeTarget "GraphQL-Client" */ = {
			isa = XCConfigurationList;
			buildConfigurations = (
				92A787591FB1BFF600ABC71D /* Debug */,
				92A7875A1FB1BFF600ABC71D /* Release */,
			);
			defaultConfigurationIsVisible = 0;
			defaultConfigurationName = Release;
		};
/* End XCConfigurationList section */
	};
	rootObject = 92A7873E1FB1BFF600ABC71D /* Project object */;
}
